// !$*UTF8*$!
{
	archiveVersion = 1;
	classes = {
	};
	objectVersion = 46;
	objects = {

/* Begin PBXBuildFile section */
		4B9BFB021DCC517F005D8AF2 /* ResearchKit.framework in Frameworks */ = {isa = PBXBuildFile; fileRef = 4B9BFAFF1DCC511B005D8AF2 /* ResearchKit.framework */; };
		4B9BFB031DCC517F005D8AF2 /* ResearchKit.framework in Embed Frameworks */ = {isa = PBXBuildFile; fileRef = 4B9BFAFF1DCC511B005D8AF2 /* ResearchKit.framework */; settings = {ATTRIBUTES = (CodeSignOnCopy, RemoveHeadersOnCopy, ); }; };
		4B9BFB181DCC652B005D8AF2 /* ConsentDocument.swift in Sources */ = {isa = PBXBuildFile; fileRef = 4B9BFB171DCC652B005D8AF2 /* ConsentDocument.swift */; };
		4B9BFB1C1DCD9474005D8AF2 /* ConsentTask.swift in Sources */ = {isa = PBXBuildFile; fileRef = 4B9BFB1B1DCD9474005D8AF2 /* ConsentTask.swift */; };
		4BBD2E9B1DCC43DF007FDE75 /* AppDelegate.swift in Sources */ = {isa = PBXBuildFile; fileRef = 4BBD2E9A1DCC43DF007FDE75 /* AppDelegate.swift */; };
		4BBD2E9D1DCC43DF007FDE75 /* ViewController.swift in Sources */ = {isa = PBXBuildFile; fileRef = 4BBD2E9C1DCC43DF007FDE75 /* ViewController.swift */; };
		4BBD2EA01DCC43DF007FDE75 /* Main.storyboard in Resources */ = {isa = PBXBuildFile; fileRef = 4BBD2E9E1DCC43DF007FDE75 /* Main.storyboard */; };
		4BBD2EA21DCC43DF007FDE75 /* Assets.xcassets in Resources */ = {isa = PBXBuildFile; fileRef = 4BBD2EA11DCC43DF007FDE75 /* Assets.xcassets */; };
		4BBD2EA51DCC43DF007FDE75 /* LaunchScreen.storyboard in Resources */ = {isa = PBXBuildFile; fileRef = 4BBD2EA31DCC43DF007FDE75 /* LaunchScreen.storyboard */; };
/* End PBXBuildFile section */

/* Begin PBXContainerItemProxy section */
		4B9BFAFE1DCC511B005D8AF2 /* PBXContainerItemProxy */ = {
			isa = PBXContainerItemProxy;
			containerPortal = 4B9BFAF81DCC5118005D8AF2 /* ResearchKit.xcodeproj */;
			proxyType = 2;
			remoteGlobalIDString = B183A5951A8535D100C76870;
			remoteInfo = ResearchKit;
		};
		4B9BFB001DCC511B005D8AF2 /* PBXContainerItemProxy */ = {
			isa = PBXContainerItemProxy;
			containerPortal = 4B9BFAF81DCC5118005D8AF2 /* ResearchKit.xcodeproj */;
			proxyType = 2;
			remoteGlobalIDString = 86CC8E9A1AC09332001CCD89;
			remoteInfo = ResearchKitTests;
		};
		4B9BFB041DCC517F005D8AF2 /* PBXContainerItemProxy */ = {
			isa = PBXContainerItemProxy;
			containerPortal = 4B9BFAF81DCC5118005D8AF2 /* ResearchKit.xcodeproj */;
			proxyType = 1;
			remoteGlobalIDString = B183A4731A8535D100C76870;
			remoteInfo = ResearchKit;
		};
/* End PBXContainerItemProxy section */

/* Begin PBXCopyFilesBuildPhase section */
		4B9BFB061DCC5180005D8AF2 /* Embed Frameworks */ = {
			isa = PBXCopyFilesBuildPhase;
			buildActionMask = 2147483647;
			dstPath = "";
			dstSubfolderSpec = 10;
			files = (
				4B9BFB031DCC517F005D8AF2 /* ResearchKit.framework in Embed Frameworks */,
			);
			name = "Embed Frameworks";
			runOnlyForDeploymentPostprocessing = 0;
		};
/* End PBXCopyFilesBuildPhase section */

/* Begin PBXFileReference section */
		4B9BFAF81DCC5118005D8AF2 /* ResearchKit.xcodeproj */ = {isa = PBXFileReference; lastKnownFileType = "wrapper.pb-project"; name = ResearchKit.xcodeproj; path = "../../../../Desktop/ResearchKit-master/ResearchKit.xcodeproj"; sourceTree = "<group>"; };
		4B9BFB171DCC652B005D8AF2 /* ConsentDocument.swift */ = {isa = PBXFileReference; fileEncoding = 4; lastKnownFileType = sourcecode.swift; path = ConsentDocument.swift; sourceTree = "<group>"; };
		4B9BFB1B1DCD9474005D8AF2 /* ConsentTask.swift */ = {isa = PBXFileReference; fileEncoding = 4; lastKnownFileType = sourcecode.swift; path = ConsentTask.swift; sourceTree = "<group>"; };
		4BBD2E971DCC43DF007FDE75 /* HelloResearchKit.app */ = {isa = PBXFileReference; explicitFileType = wrapper.application; includeInIndex = 0; path = HelloResearchKit.app; sourceTree = BUILT_PRODUCTS_DIR; };
		4BBD2E9A1DCC43DF007FDE75 /* AppDelegate.swift */ = {isa = PBXFileReference; lastKnownFileType = sourcecode.swift; path = AppDelegate.swift; sourceTree = "<group>"; };
		4BBD2E9C1DCC43DF007FDE75 /* ViewController.swift */ = {isa = PBXFileReference; lastKnownFileType = sourcecode.swift; path = ViewController.swift; sourceTree = "<group>"; };
		4BBD2E9F1DCC43DF007FDE75 /* Base */ = {isa = PBXFileReference; lastKnownFileType = file.storyboard; name = Base; path = Base.lproj/Main.storyboard; sourceTree = "<group>"; };
		4BBD2EA11DCC43DF007FDE75 /* Assets.xcassets */ = {isa = PBXFileReference; lastKnownFileType = folder.assetcatalog; path = Assets.xcassets; sourceTree = "<group>"; };
		4BBD2EA41DCC43DF007FDE75 /* Base */ = {isa = PBXFileReference; lastKnownFileType = file.storyboard; name = Base; path = Base.lproj/LaunchScreen.storyboard; sourceTree = "<group>"; };
		4BBD2EA61DCC43DF007FDE75 /* Info.plist */ = {isa = PBXFileReference; lastKnownFileType = text.plist.xml; path = Info.plist; sourceTree = "<group>"; };
/* End PBXFileReference section */

/* Begin PBXFrameworksBuildPhase section */
		4BBD2E941DCC43DE007FDE75 /* Frameworks */ = {
			isa = PBXFrameworksBuildPhase;
			buildActionMask = 2147483647;
			files = (
				4B9BFB021DCC517F005D8AF2 /* ResearchKit.framework in Frameworks */,
			);
			runOnlyForDeploymentPostprocessing = 0;
		};
/* End PBXFrameworksBuildPhase section */

/* Begin PBXGroup section */
		4B9BFAF91DCC5118005D8AF2 /* Products */ = {
			isa = PBXGroup;
			children = (
				4B9BFAFF1DCC511B005D8AF2 /* ResearchKit.framework */,
				4B9BFB011DCC511B005D8AF2 /* ResearchKitTests.xctest */,
			);
			name = Products;
			sourceTree = "<group>";
		};
		4BBD2E8E1DCC43DE007FDE75 = {
			isa = PBXGroup;
			children = (
				4B9BFAF81DCC5118005D8AF2 /* ResearchKit.xcodeproj */,
				4BBD2E991DCC43DF007FDE75 /* HelloResearchKit */,
				4BBD2E981DCC43DF007FDE75 /* Products */,
			);
			sourceTree = "<group>";
		};
		4BBD2E981DCC43DF007FDE75 /* Products */ = {
			isa = PBXGroup;
			children = (
				4BBD2E971DCC43DF007FDE75 /* HelloResearchKit.app */,
			);
			name = Products;
			sourceTree = "<group>";
		};
		4BBD2E991DCC43DF007FDE75 /* HelloResearchKit */ = {
			isa = PBXGroup;
			children = (
				4BBD2E9A1DCC43DF007FDE75 /* AppDelegate.swift */,
				4BBD2E9C1DCC43DF007FDE75 /* ViewController.swift */,
				4BBD2E9E1DCC43DF007FDE75 /* Main.storyboard */,
				4BBD2EA11DCC43DF007FDE75 /* Assets.xcassets */,
				4BBD2EA31DCC43DF007FDE75 /* LaunchScreen.storyboard */,
				4BBD2EA61DCC43DF007FDE75 /* Info.plist */,
				4B9BFB171DCC652B005D8AF2 /* ConsentDocument.swift */,
				4B9BFB1B1DCD9474005D8AF2 /* ConsentTask.swift */,
			);
			path = HelloResearchKit;
			sourceTree = "<group>";
		};
/* End PBXGroup section */

/* Begin PBXNativeTarget section */
		4BBD2E961DCC43DE007FDE75 /* HelloResearchKit */ = {
			isa = PBXNativeTarget;
			buildConfigurationList = 4BBD2EA91DCC43DF007FDE75 /* Build configuration list for PBXNativeTarget "HelloResearchKit" */;
			buildPhases = (
				4BBD2E931DCC43DE007FDE75 /* Sources */,
				4BBD2E941DCC43DE007FDE75 /* Frameworks */,
				4BBD2E951DCC43DE007FDE75 /* Resources */,
				4B9BFB061DCC5180005D8AF2 /* Embed Frameworks */,
			);
			buildRules = (
			);
			dependencies = (
				4B9BFB051DCC517F005D8AF2 /* PBXTargetDependency */,
			);
			name = HelloResearchKit;
			productName = HelloResearchKit;
			productReference = 4BBD2E971DCC43DF007FDE75 /* HelloResearchKit.app */;
			productType = "com.apple.product-type.application";
		};
/* End PBXNativeTarget section */

/* Begin PBXProject section */
		4BBD2E8F1DCC43DE007FDE75 /* Project object */ = {
			isa = PBXProject;
			attributes = {
				LastSwiftUpdateCheck = 0810;
				LastUpgradeCheck = 0810;
				ORGANIZATIONNAME = "toyama satoshi";
				TargetAttributes = {
					4BBD2E961DCC43DE007FDE75 = {
						CreatedOnToolsVersion = 8.1;
						ProvisioningStyle = Automatic;
					};
				};
			};
			buildConfigurationList = 4BBD2E921DCC43DE007FDE75 /* Build configuration list for PBXProject "HelloResearchKit" */;
			compatibilityVersion = "Xcode 3.2";
			developmentRegion = English;
			hasScannedForEncodings = 0;
			knownRegions = (
				en,
				Base,
			);
			mainGroup = 4BBD2E8E1DCC43DE007FDE75;
			productRefGroup = 4BBD2E981DCC43DF007FDE75 /* Products */;
			projectDirPath = "";
			projectReferences = (
				{
					ProductGroup = 4B9BFAF91DCC5118005D8AF2 /* Products */;
					ProjectRef = 4B9BFAF81DCC5118005D8AF2 /* ResearchKit.xcodeproj */;
				},
			);
			projectRoot = "";
			targets = (
				4BBD2E961DCC43DE007FDE75 /* HelloResearchKit */,
			);
		};
/* End PBXProject section */

/* Begin PBXReferenceProxy section */
		4B9BFAFF1DCC511B005D8AF2 /* ResearchKit.framework */ = {
			isa = PBXReferenceProxy;
			fileType = wrapper.framework;
			path = ResearchKit.framework;
			remoteRef = 4B9BFAFE1DCC511B005D8AF2 /* PBXContainerItemProxy */;
			sourceTree = BUILT_PRODUCTS_DIR;
		};
		4B9BFB011DCC511B005D8AF2 /* ResearchKitTests.xctest */ = {
			isa = PBXReferenceProxy;
			fileType = wrapper.cfbundle;
			path = ResearchKitTests.xctest;
			remoteRef = 4B9BFB001DCC511B005D8AF2 /* PBXContainerItemProxy */;
			sourceTree = BUILT_PRODUCTS_DIR;
		};
/* End PBXReferenceProxy section */

/* Begin PBXResourcesBuildPhase section */
		4BBD2E951DCC43DE007FDE75 /* Resources */ = {
			isa = PBXResourcesBuildPhase;
			buildActionMask = 2147483647;
			files = (
				4BBD2EA51DCC43DF007FDE75 /* LaunchScreen.storyboard in Resources */,
				4BBD2EA21DCC43DF007FDE75 /* Assets.xcassets in Resources */,
				4BBD2EA01DCC43DF007FDE75 /* Main.storyboard in Resources */,
			);
			runOnlyForDeploymentPostprocessing = 0;
		};
/* End PBXResourcesBuildPhase section */

/* Begin PBXSourcesBuildPhase section */
		4BBD2E931DCC43DE007FDE75 /* Sources */ = {
			isa = PBXSourcesBuildPhase;
			buildActionMask = 2147483647;
			files = (
				4BBD2E9D1DCC43DF007FDE75 /* ViewController.swift in Sources */,
				4B9BFB1C1DCD9474005D8AF2 /* ConsentTask.swift in Sources */,
				4B9BFB181DCC652B005D8AF2 /* ConsentDocument.swift in Sources */,
				4BBD2E9B1DCC43DF007FDE75 /* AppDelegate.swift in Sources */,
			);
			runOnlyForDeploymentPostprocessing = 0;
		};
/* End PBXSourcesBuildPhase section */

/* Begin PBXTargetDependency section */
		4B9BFB051DCC517F005D8AF2 /* PBXTargetDependency */ = {
			isa = PBXTargetDependency;
			name = ResearchKit;
			targetProxy = 4B9BFB041DCC517F005D8AF2 /* PBXContainerItemProxy */;
		};
/* End PBXTargetDependency section */

/* Begin PBXVariantGroup section */
		4BBD2E9E1DCC43DF007FDE75 /* Main.storyboard */ = {
			isa = PBXVariantGroup;
			children = (
				4BBD2E9F1DCC43DF007FDE75 /* Base */,
			);
			name = Main.storyboard;
			sourceTree = "<group>";
		};
		4BBD2EA31DCC43DF007FDE75 /* LaunchScreen.storyboard */ = {
			isa = PBXVariantGroup;
			children = (
				4BBD2EA41DCC43DF007FDE75 /* Base */,
			);
			name = LaunchScreen.storyboard;
			sourceTree = "<group>";
		};
/* End PBXVariantGroup section */

/* Begin XCBuildConfiguration section */
		4BBD2EA71DCC43DF007FDE75 /* Debug */ = {
			isa = XCBuildConfiguration;
			buildSettings = {
				ALWAYS_SEARCH_USER_PATHS = NO;
				CLANG_ANALYZER_NONNULL = YES;
				CLANG_CXX_LANGUAGE_STANDARD = "gnu++0x";
				CLANG_CXX_LIBRARY = "libc++";
				CLANG_ENABLE_MODULES = YES;
				CLANG_ENABLE_OBJC_ARC = YES;
				CLANG_WARN_BOOL_CONVERSION = YES;
				CLANG_WARN_CONSTANT_CONVERSION = YES;
				CLANG_WARN_DIRECT_OBJC_ISA_USAGE = YES_ERROR;
				CLANG_WARN_DOCUMENTATION_COMMENTS = YES;
				CLANG_WARN_EMPTY_BODY = YES;
				CLANG_WARN_ENUM_CONVERSION = YES;
				CLANG_WARN_INFINITE_RECURSION = YES;
				CLANG_WARN_INT_CONVERSION = YES;
				CLANG_WARN_OBJC_ROOT_CLASS = YES_ERROR;
				CLANG_WARN_SUSPICIOUS_MOVES = YES;
				CLANG_WARN_UNREACHABLE_CODE = YES;
				CLANG_WARN__DUPLICATE_METHOD_MATCH = YES;
				"CODE_SIGN_IDENTITY[sdk=iphoneos*]" = "iPhone Developer";
				COPY_PHASE_STRIP = NO;
				DEBUG_INFORMATION_FORMAT = dwarf;
				ENABLE_STRICT_OBJC_MSGSEND = YES;
				ENABLE_TESTABILITY = YES;
				GCC_C_LANGUAGE_STANDARD = gnu99;
				GCC_DYNAMIC_NO_PIC = NO;
				GCC_NO_COMMON_BLOCKS = YES;
				GCC_OPTIMIZATION_LEVEL = 0;
				GCC_PREPROCESSOR_DEFINITIONS = (
					"DEBUG=1",
					"$(inherited)",
				);
				GCC_WARN_64_TO_32_BIT_CONVERSION = YES;
				GCC_WARN_ABOUT_RETURN_TYPE = YES_ERROR;
				GCC_WARN_UNDECLARED_SELECTOR = YES;
				GCC_WARN_UNINITIALIZED_AUTOS = YES_AGGRESSIVE;
				GCC_WARN_UNUSED_FUNCTION = YES;
				GCC_WARN_UNUSED_VARIABLE = YES;
				IPHONEOS_DEPLOYMENT_TARGET = 10.1;
				MTL_ENABLE_DEBUG_INFO = YES;
				ONLY_ACTIVE_ARCH = YES;
				SDKROOT = iphoneos;
				SWIFT_ACTIVE_COMPILATION_CONDITIONS = DEBUG;
				SWIFT_OPTIMIZATION_LEVEL = "-Onone";
			};
			name = Debug;
		};
		4BBD2EA81DCC43DF007FDE75 /* Release */ = {
			isa = XCBuildConfiguration;
			buildSettings = {
				ALWAYS_SEARCH_USER_PATHS = NO;
				CLANG_ANALYZER_NONNULL = YES;
				CLANG_CXX_LANGUAGE_STANDARD = "gnu++0x";
				CLANG_CXX_LIBRARY = "libc++";
				CLANG_ENABLE_MODULES = YES;
				CLANG_ENABLE_OBJC_ARC = YES;
				CLANG_WARN_BOOL_CONVERSION = YES;
				CLANG_WARN_CONSTANT_CONVERSION = YES;
				CLANG_WARN_DIRECT_OBJC_ISA_USAGE = YES_ERROR;
				CLANG_WARN_DOCUMENTATION_COMMENTS = YES;
				CLANG_WARN_EMPTY_BODY = YES;
				CLANG_WARN_ENUM_CONVERSION = YES;
				CLANG_WARN_INFINITE_RECURSION = YES;
				CLANG_WARN_INT_CONVERSION = YES;
				CLANG_WARN_OBJC_ROOT_CLASS = YES_ERROR;
				CLANG_WARN_SUSPICIOUS_MOVES = YES;
				CLANG_WARN_UNREACHABLE_CODE = YES;
				CLANG_WARN__DUPLICATE_METHOD_MATCH = YES;
				"CODE_SIGN_IDENTITY[sdk=iphoneos*]" = "iPhone Developer";
				COPY_PHASE_STRIP = NO;
				DEBUG_INFORMATION_FORMAT = "dwarf-with-dsym";
				ENABLE_NS_ASSERTIONS = NO;
				ENABLE_STRICT_OBJC_MSGSEND = YES;
				GCC_C_LANGUAGE_STANDARD = gnu99;
				GCC_NO_COMMON_BLOCKS = YES;
				GCC_WARN_64_TO_32_BIT_CONVERSION = YES;
				GCC_WARN_ABOUT_RETURN_TYPE = YES_ERROR;
				GCC_WARN_UNDECLARED_SELECTOR = YES;
				GCC_WARN_UNINITIALIZED_AUTOS = YES_AGGRESSIVE;
				GCC_WARN_UNUSED_FUNCTION = YES;
				GCC_WARN_UNUSED_VARIABLE = YES;
				IPHONEOS_DEPLOYMENT_TARGET = 10.1;
				MTL_ENABLE_DEBUG_INFO = NO;
				SDKROOT = iphoneos;
				SWIFT_OPTIMIZATION_LEVEL = "-Owholemodule";
				VALIDATE_PRODUCT = YES;
			};
			name = Release;
		};
		4BBD2EAA1DCC43DF007FDE75 /* Debug */ = {
			isa = XCBuildConfiguration;
			buildSettings = {
				ALWAYS_EMBED_SWIFT_STANDARD_LIBRARIES = YES;
				ASSETCATALOG_COMPILER_APPICON_NAME = AppIcon;
				INFOPLIST_FILE = HelloResearchKit/Info.plist;
				LD_RUNPATH_SEARCH_PATHS = "$(inherited) @executable_path/Frameworks";
				PRODUCT_BUNDLE_IDENTIFIER = org.toyamarinyon.HelloResearchKit;
				PRODUCT_NAME = "$(TARGET_NAME)";
				SWIFT_VERSION = 3.0;
			};
			name = Debug;
		};
		4BBD2EAB1DCC43DF007FDE75 /* Release */ = {
			isa = XCBuildConfiguration;
			buildSettings = {
				ALWAYS_EMBED_SWIFT_STANDARD_LIBRARIES = YES;
				ASSETCATALOG_COMPILER_APPICON_NAME = AppIcon;
				INFOPLIST_FILE = HelloResearchKit/Info.plist;
				LD_RUNPATH_SEARCH_PATHS = "$(inherited) @executable_path/Frameworks";
				PRODUCT_BUNDLE_IDENTIFIER = org.toyamarinyon.HelloResearchKit;
				PRODUCT_NAME = "$(TARGET_NAME)";
				SWIFT_VERSION = 3.0;
			};
			name = Release;
		};
/* End XCBuildConfiguration section */

/* Begin XCConfigurationList section */
		4BBD2E921DCC43DE007FDE75 /* Build configuration list for PBXProject "HelloResearchKit" */ = {
			isa = XCConfigurationList;
			buildConfigurations = (
				4BBD2EA71DCC43DF007FDE75 /* Debug */,
				4BBD2EA81DCC43DF007FDE75 /* Release */,
			);
			defaultConfigurationIsVisible = 0;
			defaultConfigurationName = Release;
		};
		4BBD2EA91DCC43DF007FDE75 /* Build configuration list for PBXNativeTarget "HelloResearchKit" */ = {
			isa = XCConfigurationList;
			buildConfigurations = (
				4BBD2EAA1DCC43DF007FDE75 /* Debug */,
				4BBD2EAB1DCC43DF007FDE75 /* Release */,
			);
			defaultConfigurationIsVisible = 0;
			defaultConfigurationName = Release;
		};
/* End XCConfigurationList section */
	};
	rootObject = 4BBD2E8F1DCC43DE007FDE75 /* Project object */;
}
